PODS:
  - Alamofire (4.2.0)
  - FMDB (2.6.2):
    - FMDB/standard (= 2.6.2)
  - FMDB/standard (2.6.2)
  - KILabel (1.0.1)
  - QorumLogs (0.9)
  - SDWebImage (3.8.2):
    - SDWebImage/Core (= 3.8.2)
  - SDWebImage/Core (3.8.2)
  - SnapKit (3.0.2)
  - SVProgressHUD (2.0.4)

DEPENDENCIES:
  - Alamofire
  - FMDB
  - KILabel
  - QorumLogs
  - SDWebImage
  - SnapKit
  - SVProgressHUD

SPEC CHECKSUMS:
  Alamofire: aa2e09d871c9160ac53c90e83c68064a94e3dfbe
  FMDB: 854a0341b4726e53276f2a8996f06f1b80f9259a
  KILabel: 4797807cdc0b4992dad8bf91175ddc973c3b569b
  QorumLogs: 9a484df6973a3697ac79fe2273140fde6b36dccc
  SDWebImage: 098e97e6176540799c27e804c96653ee0833d13c
  SnapKit: 2e456761aa92d4d4067a7a5594c18769d451a8ad
  SVProgressHUD: bfde85ed6c573ea802b9cb37894ed9b629034f1b

PODFILE CHECKSUM: d7a2b3363e60d206515b91a63f6828a32ab2f768

COCOAPODS: 1.1.1
